
Microsoft Visual Studio Solution File, Format Version 12.00
# Visual Studio 14
VisualStudioVersion = 14.0.25420.1
MinimumVisualStudioVersion = 10.0.40219.1
Project("{FAE04EC0-301F-11D3-BF4B-00C04F79EFBC}") = "RunCode", "RunCode\RunCode.csproj", "{D2BCBCCC-5FD9-4503-A279-D830319AB641}"
EndProject
Project("{FAE04EC0-301F-11D3-BF4B-00C04F79EFBC}") = "SolutionLib", "SolutionLib\SolutionLib.csproj", "{24BC5FA9-6C65-4D8C-8C95-3FC9F9C23104}"
EndProject
Project("{FAE04EC0-301F-11D3-BF4B-00C04F79EFBC}") = "CSharpTest", "..\..\CSharpTest\CSharpTest.csproj", "{6CB5E9C4-6008-46B2-A56C-26FC53F58198}"
EndProject
Global
	GlobalSection(SolutionConfigurationPlatforms) = preSolution
		Debug|Any CPU = Debug|Any CPU
		Release|Any CPU = Release|Any CPU
	EndGlobalSection
	GlobalSection(ProjectConfigurationPlatforms) = postSolution
		{D2BCBCCC-5FD9-4503-A279-D830319AB641}.Debug|Any CPU.ActiveCfg = Debug|Any CPU
		{D2BCBCCC-5FD9-4503-A279-D830319AB641}.Debug|Any CPU.Build.0 = Debug|Any CPU
		{D2BCBCCC-5FD9-4503-A279-D830319AB641}.Release|Any CPU.ActiveCfg = Release|Any CPU
		{D2BCBCCC-5FD9-4503-A279-D830319AB641}.Release|Any CPU.Build.0 = Release|Any CPU
		{24BC5FA9-6C65-4D8C-8C95-3FC9F9C23104}.Debug|Any CPU.ActiveCfg = Debug|Any CPU
		{24BC5FA9-6C65-4D8C-8C95-3FC9F9C23104}.Debug|Any CPU.Build.0 = Debug|Any CPU
		{24BC5FA9-6C65-4D8C-8C95-3FC9F9C23104}.Release|Any CPU.ActiveCfg = Release|Any CPU
		{24BC5FA9-6C65-4D8C-8C95-3FC9F9C23104}.Release|Any CPU.Build.0 = Release|Any CPU
		{6CB5E9C4-6008-46B2-A56C-26FC53F58198}.Debug|Any CPU.ActiveCfg = Debug|Any CPU
		{6CB5E9C4-6008-46B2-A56C-26FC53F58198}.Debug|Any CPU.Build.0 = Debug|Any CPU
		{6CB5E9C4-6008-46B2-A56C-26FC53F58198}.Release|Any CPU.ActiveCfg = Release|Any CPU
		{6CB5E9C4-6008-46B2-A56C-26FC53F58198}.Release|Any CPU.Build.0 = Release|Any CPU
	EndGlobalSection
	GlobalSection(SolutionProperties) = preSolution
		HideSolutionNode = FALSE
	EndGlobalSection
EndGlobal
